
Microsoft Visual Studio Solution File, Format Version 12.00
# Visual Studio Version 17
VisualStudioVersion = 17.11.35222.181
MinimumVisualStudioVersion = 10.0.40219.1
Project("{FAE04EC0-301F-11D3-BF4B-00C04F79EFBC}") = "AvaloniaApplication1", "AvaloniaApplication1\AvaloniaApplication1.csproj", "{16A981FA-4FDE-41E5-A8A5-35AFB2791A03}"
EndProject
Global
	GlobalSection(SolutionConfigurationPlatforms) = preSolution
		Debug|Any CPU = Debug|Any CPU
		Release|Any CPU = Release|Any CPU
	EndGlobalSection
	GlobalSection(ProjectConfigurationPlatforms) = postSolution
		{16A981FA-4FDE-41E5-A8A5-35AFB2791A03}.Debug|Any CPU.ActiveCfg = Debug|Any CPU
		{16A981FA-4FDE-41E5-A8A5-35AFB2791A03}.Debug|Any CPU.Build.0 = Debug|Any CPU
		{16A981FA-4FDE-41E5-A8A5-35AFB2791A03}.Release|Any CPU.ActiveCfg = Release|Any CPU
		{16A981FA-4FDE-41E5-A8A5-35AFB2791A03}.Release|Any CPU.Build.0 = Release|Any CPU
	EndGlobalSection
	GlobalSection(SolutionProperties) = preSolution
		HideSolutionNode = FALSE
	EndGlobalSection
	GlobalSection(ExtensibilityGlobals) = postSolution
		SolutionGuid = {2B89A029-DC19-4C68-A40A-9C6837BC7D69}
	EndGlobalSection
EndGlobal
